
Microsoft Visual Studio Solution File, Format Version 12.00
# Visual Studio Version 16
VisualStudioVersion = 16.0.30804.86
MinimumVisualStudioVersion = 10.0.40219.1
Project("{FAE04EC0-301F-11D3-BF4B-00C04F79EFBC}") = "Shapes", "Shapes\Shapes.csproj", "{C34F203C-5083-46B6-A3B2-44B49F4B6461}"
EndProject
Project("{FAE04EC0-301F-11D3-BF4B-00C04F79EFBC}") = "PruebasRectangle", "PruebasRectangle\PruebasRectangle.csproj", "{1CE38A94-5B2C-4E76-AE1C-4C87CF220EA9}"
EndProject
Global
	GlobalSection(SolutionConfigurationPlatforms) = preSolution
		Debug|Any CPU = Debug|Any CPU
		Release|Any CPU = Release|Any CPU
	EndGlobalSection
	GlobalSection(ProjectConfigurationPlatforms) = postSolution
		{C34F203C-5083-46B6-A3B2-44B49F4B6461}.Debug|Any CPU.ActiveCfg = Debug|Any CPU
		{C34F203C-5083-46B6-A3B2-44B49F4B6461}.Debug|Any CPU.Build.0 = Debug|Any CPU
		{C34F203C-5083-46B6-A3B2-44B49F4B6461}.Release|Any CPU.ActiveCfg = Release|Any CPU
		{C34F203C-5083-46B6-A3B2-44B49F4B6461}.Release|Any CPU.Build.0 = Release|Any CPU
		{1CE38A94-5B2C-4E76-AE1C-4C87CF220EA9}.Debug|Any CPU.ActiveCfg = Debug|Any CPU
		{1CE38A94-5B2C-4E76-AE1C-4C87CF220EA9}.Debug|Any CPU.Build.0 = Debug|Any CPU
		{1CE38A94-5B2C-4E76-AE1C-4C87CF220EA9}.Release|Any CPU.ActiveCfg = Release|Any CPU
		{1CE38A94-5B2C-4E76-AE1C-4C87CF220EA9}.Release|Any CPU.Build.0 = Release|Any CPU
	EndGlobalSection
	GlobalSection(SolutionProperties) = preSolution
		HideSolutionNode = FALSE
	EndGlobalSection
	GlobalSection(ExtensibilityGlobals) = postSolution
		SolutionGuid = {9BA09CE6-8A18-4359-B5D9-99F22B06DA60}
	EndGlobalSection
EndGlobal
